hash: 9c63d5599c717d41b907119997aad490a82ad5ed731beb44dd916b31608f62cd
updated: 2018-05-04T19:41:47.478993-04:00
imports:
- name: github.com/fsnotify/fsnotify
  version: c2828203cd70a50dcccfb2761f8b1f8ceef9a8e9
- name: github.com/hashicorp/hcl
  version: ef8a98b0bbce4a65b5aa4c368430a80ddc533168
  subpackages:
  - hcl/ast
  - hcl/parser
  - hcl/printer
  - hcl/scanner
  - hcl/strconv
  - hcl/token
  - json/parser
  - json/scanner
  - json/token
- name: github.com/inconshreveable/mousetrap
  version: 76626ae9c91c4f2a10f34cad8ce83ea42c93bb75
- name: github.com/magiconair/properties
  version: 2c9e9502788518c97fe44e8955cd069417ee89df
- name: github.com/mitchellh/mapstructure
  version: 00c29f56e2386353d58c599509e8dc3801b0d716
- name: github.com/nats-io/go-nats
  version: d66cb54e6b7bdd93f0b28afc8450d84c780dfb68
  subpackages:
  - encoders/builtin
  - util
- name: github.com/nats-io/nuid
  version: 28b996b57a46dd0c2aa3a3dc7fa8780878331d00
- name: github.com/pelletier/go-toml
  version: 66540cf1fcd2c3aee6f6787dfa32a6ae9a870f12
- name: github.com/polygon-io/go-schemas
  version: d9a1ae74b956e1adb9240f18b529d9d7fabc1329
- name: github.com/spf13/afero
  version: 63644898a8da0bc22138abf860edaf5277b6102e
  subpackages:
  - mem
- name: github.com/spf13/cast
  version: 8965335b8c7107321228e3e3702cab9832751bac
- name: github.com/spf13/cobra
  version: a1f051bc3eba734da4772d60e2d677f47cf93ef4
- name: github.com/spf13/jwalterweatherman
  version: 7c0cea34c8ece3fbeb2b27ab9b59511d360fb394
- name: github.com/spf13/pflag
  version: 583c0c0531f06d5278b7d917446061adc344b5cd
- name: github.com/spf13/viper
  version: b5e8006cbee93ec955a89ab31e0e3ce3204f3736
- name: golang.org/x/sys
  version: 14ac33bf8474b62c65cae263af2e4d3b543cc699
  subpackages:
  - unix
- name: golang.org/x/text
  version: 7922cc490dd5a7dbaa7fd5d6196b49db59ac042f
  subpackages:
  - transform
  - unicode/norm
- name: gopkg.in/yaml.v2
  version: 25c4ec802a7d637f88d584ab26798e94ad14c13b
testImports: []
